// !$*UTF8*$!
{
	archiveVersion = 1;
	classes = {
	};
	objectVersion = 50;
	objects = {

/* Begin PBXBuildFile section */
		560730D72498016D00991C6B /* AppDelegate.swift in Sources */ = {isa = PBXBuildFile; fileRef = 560730D62498016D00991C6B /* AppDelegate.swift */; };
		560730D92498016D00991C6B /* SceneDelegate.swift in Sources */ = {isa = PBXBuildFile; fileRef = 560730D82498016D00991C6B /* SceneDelegate.swift */; };
		560730DE2498016D00991C6B /* Main.storyboard in Resources */ = {isa = PBXBuildFile; fileRef = 560730DC2498016D00991C6B /* Main.storyboard */; };
		560730E32498016D00991C6B /* LaunchScreen.storyboard in Resources */ = {isa = PBXBuildFile; fileRef = 560730E12498016D00991C6B /* LaunchScreen.storyboard */; };
		56073107249810E800991C6B /* SubjectsViewController.swift in Sources */ = {isa = PBXBuildFile; fileRef = 56073106249810E800991C6B /* SubjectsViewController.swift */; };
		560731092498113000991C6B /* SubjectsCollectionViewCell.swift in Sources */ = {isa = PBXBuildFile; fileRef = 560731082498113000991C6B /* SubjectsCollectionViewCell.swift */; };
		5607310B24981E1E00991C6B /* RoundedCornersView.swift in Sources */ = {isa = PBXBuildFile; fileRef = 5607310A24981E1E00991C6B /* RoundedCornersView.swift */; };
		56A0E02924984F60008EADE2 /* RecentlyPlayedCollectionViewCell.swift in Sources */ = {isa = PBXBuildFile; fileRef = 56A0E02824984F60008EADE2 /* RecentlyPlayedCollectionViewCell.swift */; };
		56A0E02B24985886008EADE2 /* Assets.xcassets in Resources */ = {isa = PBXBuildFile; fileRef = 56A0E02A24985886008EADE2 /* Assets.xcassets */; };
		56A0E02F24985939008EADE2 /* RPReplay_Final1592259248.mov in Resources */ = {isa = PBXBuildFile; fileRef = 56A0E02C24985938008EADE2 /* RPReplay_Final1592259248.mov */; };
		56A0E03024985939008EADE2 /* RPReplay_Final1592259298.mov in Resources */ = {isa = PBXBuildFile; fileRef = 56A0E02D24985939008EADE2 /* RPReplay_Final1592259298.mov */; };
		56A0E03124985939008EADE2 /* RPReplay_Final1592259207.mov in Resources */ = {isa = PBXBuildFile; fileRef = 56A0E02E24985939008EADE2 /* RPReplay_Final1592259207.mov */; };
/* End PBXBuildFile section */

/* Begin PBXContainerItemProxy section */
		560730EA2498016E00991C6B /* PBXContainerItemProxy */ = {
			isa = PBXContainerItemProxy;
			containerPortal = 560730CB2498016D00991C6B /* Project object */;
			proxyType = 1;
			remoteGlobalIDString = 560730D22498016D00991C6B;
			remoteInfo = "Moallem iOS Task";
		};
		560730F52498016E00991C6B /* PBXContainerItemProxy */ = {
			isa = PBXContainerItemProxy;
			containerPortal = 560730CB2498016D00991C6B /* Project object */;
			proxyType = 1;
			remoteGlobalIDString = 560730D22498016D00991C6B;
			remoteInfo = "Moallem iOS Task";
		};
/* End PBXContainerItemProxy section */

/* Begin PBXFileReference section */
		560730D32498016D00991C6B /* Moallem iOS Task.app */ = {isa = PBXFileReference; explicitFileType = wrapper.application; includeInIndex = 0; path = "Moallem iOS Task.app"; sourceTree = BUILT_PRODUCTS_DIR; };
		560730D62498016D00991C6B /* AppDelegate.swift */ = {isa = PBXFileReference; lastKnownFileType = sourcecode.swift; path = AppDelegate.swift; sourceTree = "<group>"; };
		560730D82498016D00991C6B /* SceneDelegate.swift */ = {isa = PBXFileReference; lastKnownFileType = sourcecode.swift; path = SceneDelegate.swift; sourceTree = "<group>"; };
		560730DD2498016D00991C6B /* Base */ = {isa = PBXFileReference; lastKnownFileType = file.storyboard; name = Base; path = Base.lproj/Main.storyboard; sourceTree = "<group>"; };
		560730E22498016D00991C6B /* Base */ = {isa = PBXFileReference; lastKnownFileType = file.storyboard; name = Base; path = Base.lproj/LaunchScreen.storyboard; sourceTree = "<group>"; };
		560730E42498016D00991C6B /* Info.plist */ = {isa = PBXFileReference; lastKnownFileType = text.plist.xml; path = Info.plist; sourceTree = "<group>"; };
		560730E92498016E00991C6B /* Moallem iOS TaskTests.xctest */ = {isa = PBXFileReference; explicitFileType = wrapper.cfbundle; includeInIndex = 0; path = "Moallem iOS TaskTests.xctest"; sourceTree = BUILT_PRODUCTS_DIR; };
		560730F42498016E00991C6B /* Moallem iOS TaskUITests.xctest */ = {isa = PBXFileReference; explicitFileType = wrapper.cfbundle; includeInIndex = 0; path = "Moallem iOS TaskUITests.xctest"; sourceTree = BUILT_PRODUCTS_DIR; };
		56073106249810E800991C6B /* SubjectsViewController.swift */ = {isa = PBXFileReference; lastKnownFileType = sourcecode.swift; path = SubjectsViewController.swift; sourceTree = "<group>"; };
		560731082498113000991C6B /* SubjectsCollectionViewCell.swift */ = {isa = PBXFileReference; lastKnownFileType = sourcecode.swift; path = SubjectsCollectionViewCell.swift; sourceTree = "<group>"; };
		5607310A24981E1E00991C6B /* RoundedCornersView.swift */ = {isa = PBXFileReference; lastKnownFileType = sourcecode.swift; path = RoundedCornersView.swift; sourceTree = "<group>"; };
		56A0E02824984F60008EADE2 /* RecentlyPlayedCollectionViewCell.swift */ = {isa = PBXFileReference; lastKnownFileType = sourcecode.swift; path = RecentlyPlayedCollectionViewCell.swift; sourceTree = "<group>"; };
		56A0E02A24985886008EADE2 /* Assets.xcassets */ = {isa = PBXFileReference; lastKnownFileType = folder.assetcatalog; path = Assets.xcassets; sourceTree = "<group>"; };
		56A0E02C24985938008EADE2 /* RPReplay_Final1592259248.mov */ = {isa = PBXFileReference; lastKnownFileType = video.quicktime; path = RPReplay_Final1592259248.mov; sourceTree = "<group>"; };
		56A0E02D24985939008EADE2 /* RPReplay_Final1592259298.mov */ = {isa = PBXFileReference; lastKnownFileType = video.quicktime; path = RPReplay_Final1592259298.mov; sourceTree = "<group>"; };
		56A0E02E24985939008EADE2 /* RPReplay_Final1592259207.mov */ = {isa = PBXFileReference; lastKnownFileType = video.quicktime; path = RPReplay_Final1592259207.mov; sourceTree = "<group>"; };
/* End PBXFileReference section */

/* Begin PBXFrameworksBuildPhase section */
		560730D02498016D00991C6B /* Frameworks */ = {
			isa = PBXFrameworksBuildPhase;
			buildActionMask = 2147483647;
			files = (
			);
			runOnlyForDeploymentPostprocessing = 0;
		};
		560730E62498016E00991C6B /* Frameworks */ = {
			isa = PBXFrameworksBuildPhase;
			buildActionMask = 2147483647;
			files = (
			);
			runOnlyForDeploymentPostprocessing = 0;
		};
		560730F12498016E00991C6B /* Frameworks */ = {
			isa = PBXFrameworksBuildPhase;
			buildActionMask = 2147483647;
			files = (
			);
			runOnlyForDeploymentPostprocessing = 0;
		};
/* End PBXFrameworksBuildPhase section */

/* Begin PBXGroup section */
		560730CA2498016D00991C6B = {
			isa = PBXGroup;
			children = (
				560730D52498016D00991C6B /* Moallem iOS Task */,
				560730D42498016D00991C6B /* Products */,
			);
			sourceTree = "<group>";
		};
		560730D42498016D00991C6B /* Products */ = {
			isa = PBXGroup;
			children = (
				560730D32498016D00991C6B /* Moallem iOS Task.app */,
				560730E92498016E00991C6B /* Moallem iOS TaskTests.xctest */,
				560730F42498016E00991C6B /* Moallem iOS TaskUITests.xctest */,
			);
			name = Products;
			sourceTree = "<group>";
		};
		560730D52498016D00991C6B /* Moallem iOS Task */ = {
			isa = PBXGroup;
			children = (
				560730D62498016D00991C6B /* AppDelegate.swift */,
				560730D82498016D00991C6B /* SceneDelegate.swift */,
				56073106249810E800991C6B /* SubjectsViewController.swift */,
				5607310A24981E1E00991C6B /* RoundedCornersView.swift */,
				560731082498113000991C6B /* SubjectsCollectionViewCell.swift */,
				56A0E02824984F60008EADE2 /* RecentlyPlayedCollectionViewCell.swift */,
				560730DC2498016D00991C6B /* Main.storyboard */,
				560730E12498016D00991C6B /* LaunchScreen.storyboard */,
				56A0E02A24985886008EADE2 /* Assets.xcassets */,
				560730E42498016D00991C6B /* Info.plist */,
				56A0E03224985D89008EADE2 /* Videos */,
			);
			path = "Moallem iOS Task";
			sourceTree = "<group>";
		};
		56A0E03224985D89008EADE2 /* Videos */ = {
			isa = PBXGroup;
			children = (
				56A0E02E24985939008EADE2 /* RPReplay_Final1592259207.mov */,
				56A0E02C24985938008EADE2 /* RPReplay_Final1592259248.mov */,
				56A0E02D24985939008EADE2 /* RPReplay_Final1592259298.mov */,
			);
			path = Videos;
			sourceTree = "<group>";
		};
/* End PBXGroup section */

/* Begin PBXNativeTarget section */
		560730D22498016D00991C6B /* Moallem iOS Task */ = {
			isa = PBXNativeTarget;
			buildConfigurationList = 560730FD2498016E00991C6B /* Build configuration list for PBXNativeTarget "Moallem iOS Task" */;
			buildPhases = (
				560730CF2498016D00991C6B /* Sources */,
				560730D02498016D00991C6B /* Frameworks */,
				560730D12498016D00991C6B /* Resources */,
			);
			buildRules = (
			);
			dependencies = (
			);
			name = "Moallem iOS Task";
			productName = "Moallem iOS Task";
			productReference = 560730D32498016D00991C6B /* Moallem iOS Task.app */;
			productType = "com.apple.product-type.application";
		};
		560730E82498016E00991C6B /* Moallem iOS TaskTests */ = {
			isa = PBXNativeTarget;
			buildConfigurationList = 560731002498016E00991C6B /* Build configuration list for PBXNativeTarget "Moallem iOS TaskTests" */;
			buildPhases = (
				560730E52498016E00991C6B /* Sources */,
				560730E62498016E00991C6B /* Frameworks */,
				560730E72498016E00991C6B /* Resources */,
			);
			buildRules = (
			);
			dependencies = (
				560730EB2498016E00991C6B /* PBXTargetDependency */,
			);
			name = "Moallem iOS TaskTests";
			productName = "Moallem iOS TaskTests";
			productReference = 560730E92498016E00991C6B /* Moallem iOS TaskTests.xctest */;
			productType = "com.apple.product-type.bundle.unit-test";
		};
		560730F32498016E00991C6B /* Moallem iOS TaskUITests */ = {
			isa = PBXNativeTarget;
			buildConfigurationList = 560731032498016E00991C6B /* Build configuration list for PBXNativeTarget "Moallem iOS TaskUITests" */;
			buildPhases = (
				560730F02498016E00991C6B /* Sources */,
				560730F12498016E00991C6B /* Frameworks */,
				560730F22498016E00991C6B /* Resources */,
			);
			buildRules = (
			);
			dependencies = (
				560730F62498016E00991C6B /* PBXTargetDependency */,
			);
			name = "Moallem iOS TaskUITests";
			productName = "Moallem iOS TaskUITests";
			productReference = 560730F42498016E00991C6B /* Moallem iOS TaskUITests.xctest */;
			productType = "com.apple.product-type.bundle.ui-testing";
		};
/* End PBXNativeTarget section */

/* Begin PBXProject section */
		560730CB2498016D00991C6B /* Project object */ = {
			isa = PBXProject;
			attributes = {
				LastSwiftUpdateCheck = 1140;
				LastUpgradeCheck = 1140;
				ORGANIZATIONNAME = "Abdalla Shawky";
				TargetAttributes = {
					560730D22498016D00991C6B = {
						CreatedOnToolsVersion = 11.4.1;
					};
					560730E82498016E00991C6B = {
						CreatedOnToolsVersion = 11.4.1;
						TestTargetID = 560730D22498016D00991C6B;
					};
					560730F32498016E00991C6B = {
						CreatedOnToolsVersion = 11.4.1;
						TestTargetID = 560730D22498016D00991C6B;
					};
				};
			};
			buildConfigurationList = 560730CE2498016D00991C6B /* Build configuration list for PBXProject "Moallem iOS Task" */;
			compatibilityVersion = "Xcode 9.3";
			developmentRegion = en;
			hasScannedForEncodings = 0;
			knownRegions = (
				en,
				Base,
			);
			mainGroup = 560730CA2498016D00991C6B;
			productRefGroup = 560730D42498016D00991C6B /* Products */;
			projectDirPath = "";
			projectRoot = "";
			targets = (
				560730D22498016D00991C6B /* Moallem iOS Task */,
				560730E82498016E00991C6B /* Moallem iOS TaskTests */,
				560730F32498016E00991C6B /* Moallem iOS TaskUITests */,
			);
		};
/* End PBXProject section */

/* Begin PBXResourcesBuildPhase section */
		560730D12498016D00991C6B /* Resources */ = {
			isa = PBXResourcesBuildPhase;
			buildActionMask = 2147483647;
			files = (
				56A0E03024985939008EADE2 /* RPReplay_Final1592259298.mov in Resources */,
				560730E32498016D00991C6B /* LaunchScreen.storyboard in Resources */,
				560730DE2498016D00991C6B /* Main.storyboard in Resources */,
				56A0E02B24985886008EADE2 /* Assets.xcassets in Resources */,
				56A0E03124985939008EADE2 /* RPReplay_Final1592259207.mov in Resources */,
				56A0E02F24985939008EADE2 /* RPReplay_Final1592259248.mov in Resources */,
			);
			runOnlyForDeploymentPostprocessing = 0;
		};
		560730E72498016E00991C6B /* Resources */ = {
			isa = PBXResourcesBuildPhase;
			buildActionMask = 2147483647;
			files = (
			);
			runOnlyForDeploymentPostprocessing = 0;
		};
		560730F22498016E00991C6B /* Resources */ = {
			isa = PBXResourcesBuildPhase;
			buildActionMask = 2147483647;
			files = (
			);
			runOnlyForDeploymentPostprocessing = 0;
		};
/* End PBXResourcesBuildPhase section */

/* Begin PBXSourcesBuildPhase section */
		560730CF2498016D00991C6B /* Sources */ = {
			isa = PBXSourcesBuildPhase;
			buildActionMask = 2147483647;
			files = (
				56073107249810E800991C6B /* SubjectsViewController.swift in Sources */,
				56A0E02924984F60008EADE2 /* RecentlyPlayedCollectionViewCell.swift in Sources */,
				560730D72498016D00991C6B /* AppDelegate.swift in Sources */,
				560731092498113000991C6B /* SubjectsCollectionViewCell.swift in Sources */,
				5607310B24981E1E00991C6B /* RoundedCornersView.swift in Sources */,
				560730D92498016D00991C6B /* SceneDelegate.swift in Sources */,
			);
			runOnlyForDeploymentPostprocessing = 0;
		};
		560730E52498016E00991C6B /* Sources */ = {
			isa = PBXSourcesBuildPhase;
			buildActionMask = 2147483647;
			files = (
			);
			runOnlyForDeploymentPostprocessing = 0;
		};
		560730F02498016E00991C6B /* Sources */ = {
			isa = PBXSourcesBuildPhase;
			buildActionMask = 2147483647;
			files = (
			);
			runOnlyForDeploymentPostprocessing = 0;
		};
/* End PBXSourcesBuildPhase section */

/* Begin PBXTargetDependency section */
		560730EB2498016E00991C6B /* PBXTargetDependency */ = {
			isa = PBXTargetDependency;
			target = 560730D22498016D00991C6B /* Moallem iOS Task */;
			targetProxy = 560730EA2498016E00991C6B /* PBXContainerItemProxy */;
		};
		560730F62498016E00991C6B /* PBXTargetDependency */ = {
			isa = PBXTargetDependency;
			target = 560730D22498016D00991C6B /* Moallem iOS Task */;
			targetProxy = 560730F52498016E00991C6B /* PBXContainerItemProxy */;
		};
/* End PBXTargetDependency section */

/* Begin PBXVariantGroup section */
		560730DC2498016D00991C6B /* Main.storyboard */ = {
			isa = PBXVariantGroup;
			children = (
				560730DD2498016D00991C6B /* Base */,
			);
			name = Main.storyboard;
			sourceTree = "<group>";
		};
		560730E12498016D00991C6B /* LaunchScreen.storyboard */ = {
			isa = PBXVariantGroup;
			children = (
				560730E22498016D00991C6B /* Base */,
			);
			name = LaunchScreen.storyboard;
			sourceTree = "<group>";
		};
/* End PBXVariantGroup section */

/* Begin XCBuildConfiguration section */
		560730FB2498016E00991C6B /* Debug */ = {
			isa = XCBuildConfiguration;
			buildSettings = {
				ALWAYS_SEARCH_USER_PATHS = NO;
				CLANG_ANALYZER_NONNULL = YES;
				CLANG_ANALYZER_NUMBER_OBJECT_CONVERSION = YES_AGGRESSIVE;
				CLANG_CXX_LANGUAGE_STANDARD = "gnu++14";
				CLANG_CXX_LIBRARY = "libc++";
				CLANG_ENABLE_MODULES = YES;
				CLANG_ENABLE_OBJC_ARC = YES;
				CLANG_ENABLE_OBJC_WEAK = YES;
				CLANG_WARN_BLOCK_CAPTURE_AUTORELEASING = YES;
				CLANG_WARN_BOOL_CONVERSION = YES;
				CLANG_WARN_COMMA = YES;
				CLANG_WARN_CONSTANT_CONVERSION = YES;
				CLANG_WARN_DEPRECATED_OBJC_IMPLEMENTATIONS = YES;
				CLANG_WARN_DIRECT_OBJC_ISA_USAGE = YES_ERROR;
				CLANG_WARN_DOCUMENTATION_COMMENTS = YES;
				CLANG_WARN_EMPTY_BODY = YES;
				CLANG_WARN_ENUM_CONVERSION = YES;
				CLANG_WARN_INFINITE_RECURSION = YES;
				CLANG_WARN_INT_CONVERSION = YES;
				CLANG_WARN_NON_LITERAL_NULL_CONVERSION = YES;
				CLANG_WARN_OBJC_IMPLICIT_RETAIN_SELF = YES;
				CLANG_WARN_OBJC_LITERAL_CONVERSION = YES;
				CLANG_WARN_OBJC_ROOT_CLASS = YES_ERROR;
				CLANG_WARN_RANGE_LOOP_ANALYSIS = YES;
				CLANG_WARN_STRICT_PROTOTYPES = YES;
				CLANG_WARN_SUSPICIOUS_MOVE = YES;
				CLANG_WARN_UNGUARDED_AVAILABILITY = YES_AGGRESSIVE;
				CLANG_WARN_UNREACHABLE_CODE = YES;
				CLANG_WARN__DUPLICATE_METHOD_MATCH = YES;
				COPY_PHASE_STRIP = NO;
				DEBUG_INFORMATION_FORMAT = dwarf;
				ENABLE_STRICT_OBJC_MSGSEND = YES;
				ENABLE_TESTABILITY = YES;
				GCC_C_LANGUAGE_STANDARD = gnu11;
				GCC_DYNAMIC_NO_PIC = NO;
				GCC_NO_COMMON_BLOCKS = YES;
				GCC_OPTIMIZATION_LEVEL = 0;
				GCC_PREPROCESSOR_DEFINITIONS = (
					"DEBUG=1",
					"$(inherited)",
				);
				GCC_WARN_64_TO_32_BIT_CONVERSION = YES;
				GCC_WARN_ABOUT_RETURN_TYPE = YES_ERROR;
				GCC_WARN_UNDECLARED_SELECTOR = YES;
				GCC_WARN_UNINITIALIZED_AUTOS = YES_AGGRESSIVE;
				GCC_WARN_UNUSED_FUNCTION = YES;
				GCC_WARN_UNUSED_VARIABLE = YES;
				IPHONEOS_DEPLOYMENT_TARGET = 13.4;
				MTL_ENABLE_DEBUG_INFO = INCLUDE_SOURCE;
				MTL_FAST_MATH = YES;
				ONLY_ACTIVE_ARCH = YES;
				SDKROOT = iphoneos;
				SWIFT_ACTIVE_COMPILATION_CONDITIONS = DEBUG;
				SWIFT_OPTIMIZATION_LEVEL = "-Onone";
			};
			name = Debug;
		};
		560730FC2498016E00991C6B /* Release */ = {
			isa = XCBuildConfiguration;
			buildSettings = {
				ALWAYS_SEARCH_USER_PATHS = NO;
				CLANG_ANALYZER_NONNULL = YES;
				CLANG_ANALYZER_NUMBER_OBJECT_CONVERSION = YES_AGGRESSIVE;
				CLANG_CXX_LANGUAGE_STANDARD = "gnu++14";
				CLANG_CXX_LIBRARY = "libc++";
				CLANG_ENABLE_MODULES = YES;
				CLANG_ENABLE_OBJC_ARC = YES;
				CLANG_ENABLE_OBJC_WEAK = YES;
				CLANG_WARN_BLOCK_CAPTURE_AUTORELEASING = YES;
				CLANG_WARN_BOOL_CONVERSION = YES;
				CLANG_WARN_COMMA = YES;
				CLANG_WARN_CONSTANT_CONVERSION = YES;
				CLANG_WARN_DEPRECATED_OBJC_IMPLEMENTATIONS = YES;
				CLANG_WARN_DIRECT_OBJC_ISA_USAGE = YES_ERROR;
				CLANG_WARN_DOCUMENTATION_COMMENTS = YES;
				CLANG_WARN_EMPTY_BODY = YES;
				CLANG_WARN_ENUM_CONVERSION = YES;
				CLANG_WARN_INFINITE_RECURSION = YES;
				CLANG_WARN_INT_CONVERSION = YES;
				CLANG_WARN_NON_LITERAL_NULL_CONVERSION = YES;
				CLANG_WARN_OBJC_IMPLICIT_RETAIN_SELF = YES;
				CLANG_WARN_OBJC_LITERAL_CONVERSION = YES;
				CLANG_WARN_OBJC_ROOT_CLASS = YES_ERROR;
				CLANG_WARN_RANGE_LOOP_ANALYSIS = YES;
				CLANG_WARN_STRICT_PROTOTYPES = YES;
				CLANG_WARN_SUSPICIOUS_MOVE = YES;
				CLANG_WARN_UNGUARDED_AVAILABILITY = YES_AGGRESSIVE;
				CLANG_WARN_UNREACHABLE_CODE = YES;
				CLANG_WARN__DUPLICATE_METHOD_MATCH = YES;
				COPY_PHASE_STRIP = NO;
				DEBUG_INFORMATION_FORMAT = "dwarf-with-dsym";
				ENABLE_NS_ASSERTIONS = NO;
				ENABLE_STRICT_OBJC_MSGSEND = YES;
				GCC_C_LANGUAGE_STANDARD = gnu11;
				GCC_NO_COMMON_BLOCKS = YES;
				GCC_WARN_64_TO_32_BIT_CONVERSION = YES;
				GCC_WARN_ABOUT_RETURN_TYPE = YES_ERROR;
				GCC_WARN_UNDECLARED_SELECTOR = YES;
				GCC_WARN_UNINITIALIZED_AUTOS = YES_AGGRESSIVE;
				GCC_WARN_UNUSED_FUNCTION = YES;
				GCC_WARN_UNUSED_VARIABLE = YES;
				IPHONEOS_DEPLOYMENT_TARGET = 13.4;
				MTL_ENABLE_DEBUG_INFO = NO;
				MTL_FAST_MATH = YES;
				SDKROOT = iphoneos;
				SWIFT_COMPILATION_MODE = wholemodule;
				SWIFT_OPTIMIZATION_LEVEL = "-O";
				VALIDATE_PRODUCT = YES;
			};
			name = Release;
		};
		560730FE2498016E00991C6B /* Debug */ = {
			isa = XCBuildConfiguration;
			buildSettings = {
				ASSETCATALOG_COMPILER_APPICON_NAME = AppIcon;
				CODE_SIGN_STYLE = Automatic;
				DEVELOPMENT_TEAM = N7XT6JZBK7;
				INFOPLIST_FILE = "Moallem iOS Task/Info.plist";
				LD_RUNPATH_SEARCH_PATHS = (
					"$(inherited)",
					"@executable_path/Frameworks",
				);
				PRODUCT_BUNDLE_IDENTIFIER = "Shawky.Moallem-iOS-Task";
				PRODUCT_NAME = "$(TARGET_NAME)";
				SWIFT_VERSION = 5.0;
				TARGETED_DEVICE_FAMILY = "1,2";
			};
			name = Debug;
		};
		560730FF2498016E00991C6B /* Release */ = {
			isa = XCBuildConfiguration;
			buildSettings = {
				ASSETCATALOG_COMPILER_APPICON_NAME = AppIcon;
				CODE_SIGN_STYLE = Automatic;
				DEVELOPMENT_TEAM = N7XT6JZBK7;
				INFOPLIST_FILE = "Moallem iOS Task/Info.plist";
				LD_RUNPATH_SEARCH_PATHS = (
					"$(inherited)",
					"@executable_path/Frameworks",
				);
				PRODUCT_BUNDLE_IDENTIFIER = "Shawky.Moallem-iOS-Task";
				PRODUCT_NAME = "$(TARGET_NAME)";
				SWIFT_VERSION = 5.0;
				TARGETED_DEVICE_FAMILY = "1,2";
			};
			name = Release;
		};
		560731012498016E00991C6B /* Debug */ = {
			isa = XCBuildConfiguration;
			buildSettings = {
				ALWAYS_EMBED_SWIFT_STANDARD_LIBRARIES = YES;
				BUNDLE_LOADER = "$(TEST_HOST)";
				CODE_SIGN_STYLE = Automatic;
				DEVELOPMENT_TEAM = N7XT6JZBK7;
				INFOPLIST_FILE = "Moallem iOS TaskTests/Info.plist";
				IPHONEOS_DEPLOYMENT_TARGET = 13.4;
				LD_RUNPATH_SEARCH_PATHS = (
					"$(inherited)",
					"@executable_path/Frameworks",
					"@loader_path/Frameworks",
				);
				PRODUCT_BUNDLE_IDENTIFIER = "Shawky.Moallem-iOS-TaskTests";
				PRODUCT_NAME = "$(TARGET_NAME)";
				SWIFT_VERSION = 5.0;
				TARGETED_DEVICE_FAMILY = "1,2";
				TEST_HOST = "$(BUILT_PRODUCTS_DIR)/Moallem iOS Task.app/Moallem iOS Task";
			};
			name = Debug;
		};
		560731022498016E00991C6B /* Release */ = {
			isa = XCBuildConfiguration;
			buildSettings = {
				ALWAYS_EMBED_SWIFT_STANDARD_LIBRARIES = YES;
				BUNDLE_LOADER = "$(TEST_HOST)";
				CODE_SIGN_STYLE = Automatic;
				DEVELOPMENT_TEAM = N7XT6JZBK7;
				INFOPLIST_FILE = "Moallem iOS TaskTests/Info.plist";
				IPHONEOS_DEPLOYMENT_TARGET = 13.4;
				LD_RUNPATH_SEARCH_PATHS = (
					"$(inherited)",
					"@executable_path/Frameworks",
					"@loader_path/Frameworks",
				);
				PRODUCT_BUNDLE_IDENTIFIER = "Shawky.Moallem-iOS-TaskTests";
				PRODUCT_NAME = "$(TARGET_NAME)";
				SWIFT_VERSION = 5.0;
				TARGETED_DEVICE_FAMILY = "1,2";
				TEST_HOST = "$(BUILT_PRODUCTS_DIR)/Moallem iOS Task.app/Moallem iOS Task";
			};
			name = Release;
		};
		560731042498016E00991C6B /* Debug */ = {
			isa = XCBuildConfiguration;
			buildSettings = {
				ALWAYS_EMBED_SWIFT_STANDARD_LIBRARIES = YES;
				CODE_SIGN_STYLE = Automatic;
				DEVELOPMENT_TEAM = N7XT6JZBK7;
				INFOPLIST_FILE = "Moallem iOS TaskUITests/Info.plist";
				LD_RUNPATH_SEARCH_PATHS = (
					"$(inherited)",
					"@executable_path/Frameworks",
					"@loader_path/Frameworks",
				);
				PRODUCT_BUNDLE_IDENTIFIER = "Shawky.Moallem-iOS-TaskUITests";
				PRODUCT_NAME = "$(TARGET_NAME)";
				SWIFT_VERSION = 5.0;
				TARGETED_DEVICE_FAMILY = "1,2";
				TEST_TARGET_NAME = "Moallem iOS Task";
			};
			name = Debug;
		};
		560731052498016E00991C6B /* Release */ = {
			isa = XCBuildConfiguration;
			buildSettings = {
				ALWAYS_EMBED_SWIFT_STANDARD_LIBRARIES = YES;
				CODE_SIGN_STYLE = Automatic;
				DEVELOPMENT_TEAM = N7XT6JZBK7;
				INFOPLIST_FILE = "Moallem iOS TaskUITests/Info.plist";
				LD_RUNPATH_SEARCH_PATHS = (
					"$(inherited)",
					"@executable_path/Frameworks",
					"@loader_path/Frameworks",
				);
				PRODUCT_BUNDLE_IDENTIFIER = "Shawky.Moallem-iOS-TaskUITests";
				PRODUCT_NAME = "$(TARGET_NAME)";
				SWIFT_VERSION = 5.0;
				TARGETED_DEVICE_FAMILY = "1,2";
				TEST_TARGET_NAME = "Moallem iOS Task";
			};
			name = Release;
		};
/* End XCBuildConfiguration section */

/* Begin XCConfigurationList section */
		560730CE2498016D00991C6B /* Build configuration list for PBXProject "Moallem iOS Task" */ = {
			isa = XCConfigurationList;
			buildConfigurations = (
				560730FB2498016E00991C6B /* Debug */,
				560730FC2498016E00991C6B /* Release */,
			);
			defaultConfigurationIsVisible = 0;
			defaultConfigurationName = Release;
		};
		560730FD2498016E00991C6B /* Build configuration list for PBXNativeTarget "Moallem iOS Task" */ = {
			isa = XCConfigurationList;
			buildConfigurations = (
				560730FE2498016E00991C6B /* Debug */,
				560730FF2498016E00991C6B /* Release */,
			);
			defaultConfigurationIsVisible = 0;
			defaultConfigurationName = Release;
		};
		560731002498016E00991C6B /* Build configuration list for PBXNativeTarget "Moallem iOS TaskTests" */ = {
			isa = XCConfigurationList;
			buildConfigurations = (
				560731012498016E00991C6B /* Debug */,
				560731022498016E00991C6B /* Release */,
			);
			defaultConfigurationIsVisible = 0;
			defaultConfigurationName = Release;
		};
		560731032498016E00991C6B /* Build configuration list for PBXNativeTarget "Moallem iOS TaskUITests" */ = {
			isa = XCConfigurationList;
			buildConfigurations = (
				560731042498016E00991C6B /* Debug */,
				560731052498016E00991C6B /* Release */,
			);
			defaultConfigurationIsVisible = 0;
			defaultConfigurationName = Release;
		};
/* End XCConfigurationList section */
	};
	rootObject = 560730CB2498016D00991C6B /* Project object */;
}
